
Microsoft Visual Studio Solution File, Format Version 12.00
# Visual Studio Version 16
VisualStudioVersion = 16.0.29209.62
MinimumVisualStudioVersion = 10.0.40219.1
Project("{9A19103F-16F7-4668-BE54-9A1E7A4F7556}") = "MaskingRule", "MaskingRule\MaskingRule.csproj", "{93D36470-C26F-4477-9ED4-F72AEC84A017}"
EndProject
Project("{FAE04EC0-301F-11D3-BF4B-00C04F79EFBC}") = "MaskingRule.UnitTest", "MaskingRule.UnitTest\MaskingRule.UnitTest.csproj", "{44BD9443-22D9-4E38-9076-E3D1F63CACA2}"
EndProject
Global
	GlobalSection(SolutionConfigurationPlatforms) = preSolution
		Debug|Any CPU = Debug|Any CPU
		Release|Any CPU = Release|Any CPU
	EndGlobalSection
	GlobalSection(ProjectConfigurationPlatforms) = postSolution
		{93D36470-C26F-4477-9ED4-F72AEC84A017}.Debug|Any CPU.ActiveCfg = Debug|Any CPU
		{93D36470-C26F-4477-9ED4-F72AEC84A017}.Debug|Any CPU.Build.0 = Debug|Any CPU
		{93D36470-C26F-4477-9ED4-F72AEC84A017}.Release|Any CPU.ActiveCfg = Release|Any CPU
		{93D36470-C26F-4477-9ED4-F72AEC84A017}.Release|Any CPU.Build.0 = Release|Any CPU
		{44BD9443-22D9-4E38-9076-E3D1F63CACA2}.Debug|Any CPU.ActiveCfg = Debug|Any CPU
		{44BD9443-22D9-4E38-9076-E3D1F63CACA2}.Debug|Any CPU.Build.0 = Debug|Any CPU
		{44BD9443-22D9-4E38-9076-E3D1F63CACA2}.Release|Any CPU.ActiveCfg = Release|Any CPU
		{44BD9443-22D9-4E38-9076-E3D1F63CACA2}.Release|Any CPU.Build.0 = Release|Any CPU
	EndGlobalSection
	GlobalSection(SolutionProperties) = preSolution
		HideSolutionNode = FALSE
	EndGlobalSection
	GlobalSection(ExtensibilityGlobals) = postSolution
		SolutionGuid = {7EC202E8-571A-416D-9453-32AE155E2BA1}
	EndGlobalSection
EndGlobal
